
Microsoft Visual Studio Solution File, Format Version 12.00
Project("{FAE04EC0-301F-11D3-BF4B-00C04F79EFBC}") = "GoldStarApi", "GoldStarApi\GoldStarApi.csproj", "{F08CDA9D-3458-406D-96F6-253DE5B74A24}"
EndProject
Project("{FAE04EC0-301F-11D3-BF4B-00C04F79EFBC}") = "Contracts", "Contracts\Contracts.csproj", "{92AF5E8D-1C77-4F6C-BC0F-551B9A9484A2}"
EndProject
Project("{FAE04EC0-301F-11D3-BF4B-00C04F79EFBC}") = "LoggerService", "LoggerService\LoggerService.csproj", "{C0DC3A41-9741-4E05-8A71-2045E3491118}"
EndProject
Project("{FAE04EC0-301F-11D3-BF4B-00C04F79EFBC}") = "Entities", "Entities\Entities.csproj", "{3E7D2165-A76F-43D5-AEEF-26A37F2D2261}"
EndProject
Project("{FAE04EC0-301F-11D3-BF4B-00C04F79EFBC}") = "Repository", "Repository\Repository.csproj", "{88BFC9B6-A437-40F7-B5E9-DE712B5323EA}"
EndProject
Global
	GlobalSection(SolutionConfigurationPlatforms) = preSolution
		Debug|Any CPU = Debug|Any CPU
		Release|Any CPU = Release|Any CPU
	EndGlobalSection
	GlobalSection(ProjectConfigurationPlatforms) = postSolution
		{F08CDA9D-3458-406D-96F6-253DE5B74A24}.Debug|Any CPU.ActiveCfg = Debug|Any CPU
		{F08CDA9D-3458-406D-96F6-253DE5B74A24}.Debug|Any CPU.Build.0 = Debug|Any CPU
		{F08CDA9D-3458-406D-96F6-253DE5B74A24}.Release|Any CPU.ActiveCfg = Release|Any CPU
		{F08CDA9D-3458-406D-96F6-253DE5B74A24}.Release|Any CPU.Build.0 = Release|Any CPU
		{92AF5E8D-1C77-4F6C-BC0F-551B9A9484A2}.Debug|Any CPU.ActiveCfg = Debug|Any CPU
		{92AF5E8D-1C77-4F6C-BC0F-551B9A9484A2}.Debug|Any CPU.Build.0 = Debug|Any CPU
		{92AF5E8D-1C77-4F6C-BC0F-551B9A9484A2}.Release|Any CPU.ActiveCfg = Release|Any CPU
		{92AF5E8D-1C77-4F6C-BC0F-551B9A9484A2}.Release|Any CPU.Build.0 = Release|Any CPU
		{C0DC3A41-9741-4E05-8A71-2045E3491118}.Debug|Any CPU.ActiveCfg = Debug|Any CPU
		{C0DC3A41-9741-4E05-8A71-2045E3491118}.Debug|Any CPU.Build.0 = Debug|Any CPU
		{C0DC3A41-9741-4E05-8A71-2045E3491118}.Release|Any CPU.ActiveCfg = Release|Any CPU
		{C0DC3A41-9741-4E05-8A71-2045E3491118}.Release|Any CPU.Build.0 = Release|Any CPU
		{3E7D2165-A76F-43D5-AEEF-26A37F2D2261}.Debug|Any CPU.ActiveCfg = Debug|Any CPU
		{3E7D2165-A76F-43D5-AEEF-26A37F2D2261}.Debug|Any CPU.Build.0 = Debug|Any CPU
		{3E7D2165-A76F-43D5-AEEF-26A37F2D2261}.Release|Any CPU.ActiveCfg = Release|Any CPU
		{3E7D2165-A76F-43D5-AEEF-26A37F2D2261}.Release|Any CPU.Build.0 = Release|Any CPU
		{88BFC9B6-A437-40F7-B5E9-DE712B5323EA}.Debug|Any CPU.ActiveCfg = Debug|Any CPU
		{88BFC9B6-A437-40F7-B5E9-DE712B5323EA}.Debug|Any CPU.Build.0 = Debug|Any CPU
		{88BFC9B6-A437-40F7-B5E9-DE712B5323EA}.Release|Any CPU.ActiveCfg = Release|Any CPU
		{88BFC9B6-A437-40F7-B5E9-DE712B5323EA}.Release|Any CPU.Build.0 = Release|Any CPU
	EndGlobalSection
EndGlobal
